
Microsoft Visual Studio Solution File, Format Version 12.00
# Visual Studio Version 16
VisualStudioVersion = 16.0.30225.117
MinimumVisualStudioVersion = 10.0.40219.1
Project("{FAE04EC0-301F-11D3-BF4B-00C04F79EFBC}") = "OpenApi.NetToSpecConsole", "OpenApi.NetToSpecConsole\OpenApi.NetToSpecConsole.csproj", "{9780D7BB-4FAF-48B7-900C-FF27A006F2E5}"
EndProject
Global
	GlobalSection(SolutionConfigurationPlatforms) = preSolution
		Debug|Any CPU = Debug|Any CPU
		Release|Any CPU = Release|Any CPU
	EndGlobalSection
	GlobalSection(ProjectConfigurationPlatforms) = postSolution
		{9780D7BB-4FAF-48B7-900C-FF27A006F2E5}.Debug|Any CPU.ActiveCfg = Debug|Any CPU
		{9780D7BB-4FAF-48B7-900C-FF27A006F2E5}.Debug|Any CPU.Build.0 = Debug|Any CPU
		{9780D7BB-4FAF-48B7-900C-FF27A006F2E5}.Release|Any CPU.ActiveCfg = Release|Any CPU
		{9780D7BB-4FAF-48B7-900C-FF27A006F2E5}.Release|Any CPU.Build.0 = Release|Any CPU
	EndGlobalSection
	GlobalSection(SolutionProperties) = preSolution
		HideSolutionNode = FALSE
	EndGlobalSection
	GlobalSection(ExtensibilityGlobals) = postSolution
		SolutionGuid = {23C8F0C2-9447-4551-8417-4882A716D6B6}
	EndGlobalSection
EndGlobal
